
Microsoft Visual Studio Solution File, Format Version 12.00
# Visual Studio Version 17
VisualStudioVersion = 17.14.37411.7 d17.14
MinimumVisualStudioVersion = 10.0.40219.1
Project("{FAE04EC0-301F-11D3-BF4B-00C04F79EFBC}") = "ReleaseReadinessAnalyzer", "ReleaseReadinessAnalyzer\ReleaseReadinessAnalyzer.csproj", "{2E19857E-F0FB-42A7-91EF-22AF842300DB}"
EndProject
Global
	GlobalSection(SolutionConfigurationPlatforms) = preSolution
		Debug|Any CPU = Debug|Any CPU
		Release|Any CPU = Release|Any CPU
	EndGlobalSection
	GlobalSection(ProjectConfigurationPlatforms) = postSolution
		{2E19857E-F0FB-42A7-91EF-22AF842300DB}.Debug|Any CPU.ActiveCfg = Debug|Any CPU
		{2E19857E-F0FB-42A7-91EF-22AF842300DB}.Debug|Any CPU.Build.0 = Debug|Any CPU
		{2E19857E-F0FB-42A7-91EF-22AF842300DB}.Release|Any CPU.ActiveCfg = Release|Any CPU
		{2E19857E-F0FB-42A7-91EF-22AF842300DB}.Release|Any CPU.Build.0 = Release|Any CPU
	EndGlobalSection
	GlobalSection(SolutionProperties) = preSolution
		HideSolutionNode = FALSE
	EndGlobalSection
	GlobalSection(ExtensibilityGlobals) = postSolution
		SolutionGuid = {0FB01EE7-846A-4D4B-9DF6-DEEEFB0A6FF5}
	EndGlobalSection
EndGlobal
